
Microsoft Visual Studio Solution File, Format Version 12.00
# Visual Studio Version 17
VisualStudioVersion = 17.8.34525.116
MinimumVisualStudioVersion = 10.0.40219.1
Project("{FAE04EC0-301F-11D3-BF4B-00C04F79EFBC}") = "ArchOnion", "ArchOnion\ArchOnion.csproj", "{00C21F48-EBB9-4754-8089-7E7E0F2BE937}"
EndProject
Project("{FAE04EC0-301F-11D3-BF4B-00C04F79EFBC}") = "ArchOnion.Domain", "ArchOnion.Domain\ArchOnion.Domain.csproj", "{70B8657A-37DF-45FF-B385-932327034BCC}"
EndProject
Project("{FAE04EC0-301F-11D3-BF4B-00C04F79EFBC}") = "ArchOnion.Domain.Common", "ArchOnion.Domain.Common\ArchOnion.Domain.Common.csproj", "{1EE77576-BBE6-4991-89FE-1040BE381D0D}"
EndProject
Project("{FAE04EC0-301F-11D3-BF4B-00C04F79EFBC}") = "ArchOnion.AppServices", "ArchOnion.AppServices\ArchOnion.AppServices.csproj", "{A65D7234-D704-4AF7-BB57-A005CD1976F7}"
EndProject
Project("{2150E333-8FDC-42A3-9474-1A3956D46DE8}") = "Center", "Center", "{A1385232-3F8A-4257-B42E-E52C0B7EA53F}"
EndProject
Project("{2150E333-8FDC-42A3-9474-1A3956D46DE8}") = "Ring 0", "Ring 0", "{0653A5CD-5D60-4460-927F-6DE7F50CA520}"
EndProject
Project("{2150E333-8FDC-42A3-9474-1A3956D46DE8}") = "Ring 1", "Ring 1", "{7B8F3FEF-6388-4D62-870F-06D421D6768F}"
EndProject
Project("{2150E333-8FDC-42A3-9474-1A3956D46DE8}") = "Ring 2", "Ring 2", "{33759C8D-61E1-418C-8B4A-C0E09344BD0B}"
EndProject
Project("{FAE04EC0-301F-11D3-BF4B-00C04F79EFBC}") = "ArchOnion.Database", "ArchOnion.Database\ArchOnion.Database.csproj", "{BCCE16D3-FC89-485B-9D24-60431075B21B}"
EndProject
Project("{2150E333-8FDC-42A3-9474-1A3956D46DE8}") = "Presentation", "Presentation", "{89625392-39D0-495E-BD66-EF812C140AEA}"
EndProject
Project("{2150E333-8FDC-42A3-9474-1A3956D46DE8}") = "Infrastructure", "Infrastructure", "{2CF3878B-2C9F-46AD-B33B-DA2DFD461A73}"
EndProject
Project("{FAE04EC0-301F-11D3-BF4B-00C04F79EFBC}") = "ArchOnion.DomainServices", "ArchOnion.DomainServices\ArchOnion.DomainServices.csproj", "{6B2C9D80-ED53-43E8-8379-00AA9DE5892E}"
EndProject
Project("{FAE04EC0-301F-11D3-BF4B-00C04F79EFBC}") = "ArchOnion.AppServices.Dto", "ArchOnion.AppServices.Dto\ArchOnion.AppServices.Dto.csproj", "{B1CAB862-31E2-4652-BDAB-39040AA0F75E}"
EndProject
Global
	GlobalSection(SolutionConfigurationPlatforms) = preSolution
		Debug|Any CPU = Debug|Any CPU
		Release|Any CPU = Release|Any CPU
	EndGlobalSection
	GlobalSection(ProjectConfigurationPlatforms) = postSolution
		{00C21F48-EBB9-4754-8089-7E7E0F2BE937}.Debug|Any CPU.ActiveCfg = Debug|Any CPU
		{00C21F48-EBB9-4754-8089-7E7E0F2BE937}.Debug|Any CPU.Build.0 = Debug|Any CPU
		{00C21F48-EBB9-4754-8089-7E7E0F2BE937}.Release|Any CPU.ActiveCfg = Release|Any CPU
		{00C21F48-EBB9-4754-8089-7E7E0F2BE937}.Release|Any CPU.Build.0 = Release|Any CPU
		{70B8657A-37DF-45FF-B385-932327034BCC}.Debug|Any CPU.ActiveCfg = Debug|Any CPU
		{70B8657A-37DF-45FF-B385-932327034BCC}.Debug|Any CPU.Build.0 = Debug|Any CPU
		{70B8657A-37DF-45FF-B385-932327034BCC}.Release|Any CPU.ActiveCfg = Release|Any CPU
		{70B8657A-37DF-45FF-B385-932327034BCC}.Release|Any CPU.Build.0 = Release|Any CPU
		{1EE77576-BBE6-4991-89FE-1040BE381D0D}.Debug|Any CPU.ActiveCfg = Debug|Any CPU
		{1EE77576-BBE6-4991-89FE-1040BE381D0D}.Debug|Any CPU.Build.0 = Debug|Any CPU
		{1EE77576-BBE6-4991-89FE-1040BE381D0D}.Release|Any CPU.ActiveCfg = Release|Any CPU
		{1EE77576-BBE6-4991-89FE-1040BE381D0D}.Release|Any CPU.Build.0 = Release|Any CPU
		{A65D7234-D704-4AF7-BB57-A005CD1976F7}.Debug|Any CPU.ActiveCfg = Debug|Any CPU
		{A65D7234-D704-4AF7-BB57-A005CD1976F7}.Debug|Any CPU.Build.0 = Debug|Any CPU
		{A65D7234-D704-4AF7-BB57-A005CD1976F7}.Release|Any CPU.ActiveCfg = Release|Any CPU
		{A65D7234-D704-4AF7-BB57-A005CD1976F7}.Release|Any CPU.Build.0 = Release|Any CPU
		{BCCE16D3-FC89-485B-9D24-60431075B21B}.Debug|Any CPU.ActiveCfg = Debug|Any CPU
		{BCCE16D3-FC89-485B-9D24-60431075B21B}.Debug|Any CPU.Build.0 = Debug|Any CPU
		{BCCE16D3-FC89-485B-9D24-60431075B21B}.Release|Any CPU.ActiveCfg = Release|Any CPU
		{BCCE16D3-FC89-485B-9D24-60431075B21B}.Release|Any CPU.Build.0 = Release|Any CPU
		{6B2C9D80-ED53-43E8-8379-00AA9DE5892E}.Debug|Any CPU.ActiveCfg = Debug|Any CPU
		{6B2C9D80-ED53-43E8-8379-00AA9DE5892E}.Debug|Any CPU.Build.0 = Debug|Any CPU
		{6B2C9D80-ED53-43E8-8379-00AA9DE5892E}.Release|Any CPU.ActiveCfg = Release|Any CPU
		{6B2C9D80-ED53-43E8-8379-00AA9DE5892E}.Release|Any CPU.Build.0 = Release|Any CPU
		{B1CAB862-31E2-4652-BDAB-39040AA0F75E}.Debug|Any CPU.ActiveCfg = Debug|Any CPU
		{B1CAB862-31E2-4652-BDAB-39040AA0F75E}.Debug|Any CPU.Build.0 = Debug|Any CPU
		{B1CAB862-31E2-4652-BDAB-39040AA0F75E}.Release|Any CPU.ActiveCfg = Release|Any CPU
		{B1CAB862-31E2-4652-BDAB-39040AA0F75E}.Release|Any CPU.Build.0 = Release|Any CPU
	EndGlobalSection
	GlobalSection(SolutionProperties) = preSolution
		HideSolutionNode = FALSE
	EndGlobalSection
	GlobalSection(NestedProjects) = preSolution
		{00C21F48-EBB9-4754-8089-7E7E0F2BE937} = {89625392-39D0-495E-BD66-EF812C140AEA}
		{70B8657A-37DF-45FF-B385-932327034BCC} = {A1385232-3F8A-4257-B42E-E52C0B7EA53F}
		{1EE77576-BBE6-4991-89FE-1040BE381D0D} = {A1385232-3F8A-4257-B42E-E52C0B7EA53F}
		{A65D7234-D704-4AF7-BB57-A005CD1976F7} = {7B8F3FEF-6388-4D62-870F-06D421D6768F}
		{BCCE16D3-FC89-485B-9D24-60431075B21B} = {2CF3878B-2C9F-46AD-B33B-DA2DFD461A73}
		{89625392-39D0-495E-BD66-EF812C140AEA} = {33759C8D-61E1-418C-8B4A-C0E09344BD0B}
		{2CF3878B-2C9F-46AD-B33B-DA2DFD461A73} = {33759C8D-61E1-418C-8B4A-C0E09344BD0B}
		{6B2C9D80-ED53-43E8-8379-00AA9DE5892E} = {0653A5CD-5D60-4460-927F-6DE7F50CA520}
		{B1CAB862-31E2-4652-BDAB-39040AA0F75E} = {7B8F3FEF-6388-4D62-870F-06D421D6768F}
	EndGlobalSection
	GlobalSection(ExtensibilityGlobals) = postSolution
		SolutionGuid = {B3B85DFD-C742-4C76-BC39-9432C4F0517C}
	EndGlobalSection
EndGlobal
